
Microsoft Visual Studio Solution File, Format Version 12.00
# Visual Studio Version 17
VisualStudioVersion = 17.5.002.0
MinimumVisualStudioVersion = 10.0.40219.1
Project("{9A19103F-16F7-4668-BE54-9A1E7A4F7556}") = "2023-08-15", "2023-08-15.csproj", "{0AFF9E51-EB59-47C7-9AEF-2EF517BDA19C}"
EndProject
Global
	GlobalSection(SolutionConfigurationPlatforms) = preSolution
		Debug|Any CPU = Debug|Any CPU
		Release|Any CPU = Release|Any CPU
	EndGlobalSection
	GlobalSection(ProjectConfigurationPlatforms) = postSolution
		{0AFF9E51-EB59-47C7-9AEF-2EF517BDA19C}.Debug|Any CPU.ActiveCfg = Debug|Any CPU
		{0AFF9E51-EB59-47C7-9AEF-2EF517BDA19C}.Debug|Any CPU.Build.0 = Debug|Any CPU
		{0AFF9E51-EB59-47C7-9AEF-2EF517BDA19C}.Release|Any CPU.ActiveCfg = Release|Any CPU
		{0AFF9E51-EB59-47C7-9AEF-2EF517BDA19C}.Release|Any CPU.Build.0 = Release|Any CPU
	EndGlobalSection
	GlobalSection(SolutionProperties) = preSolution
		HideSolutionNode = FALSE
	EndGlobalSection
	GlobalSection(ExtensibilityGlobals) = postSolution
		SolutionGuid = {A1D610C3-BB4A-4D95-B897-D98CCFAAD36C}
	EndGlobalSection
EndGlobal
