
Microsoft Visual Studio Solution File, Format Version 12.00
# Visual Studio Version 17
VisualStudioVersion = 17.7.34003.232
MinimumVisualStudioVersion = 10.0.40219.1
Project("{9A19103F-16F7-4668-BE54-9A1E7A4F7556}") = "app-calculadora", "app-calculadora\app-calculadora.csproj", "{E35368E9-AE2E-40E5-8700-B8FCAFC5AC31}"
EndProject
Project("{9A19103F-16F7-4668-BE54-9A1E7A4F7556}") = "app-alunos", "app-alunos\app-alunos.csproj", "{D32F8970-5744-4580-ACC5-73447DCAF5C0}"
EndProject
Project("{9A19103F-16F7-4668-BE54-9A1E7A4F7556}") = "verifica-palindromo", "verifica-palindromo\verifica-palindromo.csproj", "{6AE19324-0EB2-44B6-A854-85419198BDB3}"
EndProject
Project("{9A19103F-16F7-4668-BE54-9A1E7A4F7556}") = "controle-de-tarefas", "controle-de-tarefas\controle-de-tarefas.csproj", "{DE41DCAE-6397-419D-9DD2-5676234F50FC}"
EndProject
Project("{9A19103F-16F7-4668-BE54-9A1E7A4F7556}") = "calculadora-oo", "calculadora-oo\calculadora-oo.csproj", "{AD0A8E61-B9E2-469D-9619-84260B04050A}"
EndProject
Project("{FAE04EC0-301F-11D3-BF4B-00C04F79EFBC}") = "simulador-notepad-desafio", "simulador-notepad-desafio\simulador-notepad-desafio.csproj", "{B4718977-241A-40F9-BE4E-278941E0FE2B}"
EndProject
Global
	GlobalSection(SolutionConfigurationPlatforms) = preSolution
		Debug|Any CPU = Debug|Any CPU
		Release|Any CPU = Release|Any CPU
	EndGlobalSection
	GlobalSection(ProjectConfigurationPlatforms) = postSolution
		{E35368E9-AE2E-40E5-8700-B8FCAFC5AC31}.Debug|Any CPU.ActiveCfg = Debug|Any CPU
		{E35368E9-AE2E-40E5-8700-B8FCAFC5AC31}.Debug|Any CPU.Build.0 = Debug|Any CPU
		{E35368E9-AE2E-40E5-8700-B8FCAFC5AC31}.Release|Any CPU.ActiveCfg = Release|Any CPU
		{E35368E9-AE2E-40E5-8700-B8FCAFC5AC31}.Release|Any CPU.Build.0 = Release|Any CPU
		{D32F8970-5744-4580-ACC5-73447DCAF5C0}.Debug|Any CPU.ActiveCfg = Debug|Any CPU
		{D32F8970-5744-4580-ACC5-73447DCAF5C0}.Debug|Any CPU.Build.0 = Debug|Any CPU
		{D32F8970-5744-4580-ACC5-73447DCAF5C0}.Release|Any CPU.ActiveCfg = Release|Any CPU
		{D32F8970-5744-4580-ACC5-73447DCAF5C0}.Release|Any CPU.Build.0 = Release|Any CPU
		{6AE19324-0EB2-44B6-A854-85419198BDB3}.Debug|Any CPU.ActiveCfg = Debug|Any CPU
		{6AE19324-0EB2-44B6-A854-85419198BDB3}.Debug|Any CPU.Build.0 = Debug|Any CPU
		{6AE19324-0EB2-44B6-A854-85419198BDB3}.Release|Any CPU.ActiveCfg = Release|Any CPU
		{6AE19324-0EB2-44B6-A854-85419198BDB3}.Release|Any CPU.Build.0 = Release|Any CPU
		{DE41DCAE-6397-419D-9DD2-5676234F50FC}.Debug|Any CPU.ActiveCfg = Debug|Any CPU
		{DE41DCAE-6397-419D-9DD2-5676234F50FC}.Debug|Any CPU.Build.0 = Debug|Any CPU
		{DE41DCAE-6397-419D-9DD2-5676234F50FC}.Release|Any CPU.ActiveCfg = Release|Any CPU
		{DE41DCAE-6397-419D-9DD2-5676234F50FC}.Release|Any CPU.Build.0 = Release|Any CPU
		{AD0A8E61-B9E2-469D-9619-84260B04050A}.Debug|Any CPU.ActiveCfg = Debug|Any CPU
		{AD0A8E61-B9E2-469D-9619-84260B04050A}.Debug|Any CPU.Build.0 = Debug|Any CPU
		{AD0A8E61-B9E2-469D-9619-84260B04050A}.Release|Any CPU.ActiveCfg = Release|Any CPU
		{AD0A8E61-B9E2-469D-9619-84260B04050A}.Release|Any CPU.Build.0 = Release|Any CPU
		{B4718977-241A-40F9-BE4E-278941E0FE2B}.Debug|Any CPU.ActiveCfg = Debug|Any CPU
		{B4718977-241A-40F9-BE4E-278941E0FE2B}.Debug|Any CPU.Build.0 = Debug|Any CPU
		{B4718977-241A-40F9-BE4E-278941E0FE2B}.Release|Any CPU.ActiveCfg = Release|Any CPU
		{B4718977-241A-40F9-BE4E-278941E0FE2B}.Release|Any CPU.Build.0 = Release|Any CPU
	EndGlobalSection
	GlobalSection(SolutionProperties) = preSolution
		HideSolutionNode = FALSE
	EndGlobalSection
	GlobalSection(ExtensibilityGlobals) = postSolution
		SolutionGuid = {2A21B78E-2949-4114-9851-543CB16C62F4}
	EndGlobalSection
EndGlobal
